
Microsoft Visual Studio Solution File, Format Version 12.00
# Visual Studio Version 17
VisualStudioVersion = 17.11.35208.52
MinimumVisualStudioVersion = 10.0.40219.1
Project("{FAE04EC0-301F-11D3-BF4B-00C04F79EFBC}") = "HelloWorld", "HelloWorld\HelloWorld.csproj", "{D592B0B9-F103-46A7-8F55-27083B6E1363}"
EndProject
Global
	GlobalSection(SolutionConfigurationPlatforms) = preSolution
		Debug|Any CPU = Debug|Any CPU
		Release|Any CPU = Release|Any CPU
	EndGlobalSection
	GlobalSection(ProjectConfigurationPlatforms) = postSolution
		{D592B0B9-F103-46A7-8F55-27083B6E1363}.Debug|Any CPU.ActiveCfg = Debug|Any CPU
		{D592B0B9-F103-46A7-8F55-27083B6E1363}.Debug|Any CPU.Build.0 = Debug|Any CPU
		{D592B0B9-F103-46A7-8F55-27083B6E1363}.Release|Any CPU.ActiveCfg = Release|Any CPU
		{D592B0B9-F103-46A7-8F55-27083B6E1363}.Release|Any CPU.Build.0 = Release|Any CPU
	EndGlobalSection
	GlobalSection(SolutionProperties) = preSolution
		HideSolutionNode = FALSE
	EndGlobalSection
	GlobalSection(ExtensibilityGlobals) = postSolution
		SolutionGuid = {A1325C82-9C28-424A-81B6-6978D623C8DD}
	EndGlobalSection
EndGlobal
